
Microsoft Visual Studio Solution File, Format Version 12.00
# Visual Studio 15
VisualStudioVersion = 15.0.28307.539
MinimumVisualStudioVersion = 10.0.40219.1
Project("{2150E333-8FDC-42A3-9474-1A3956D46DE8}") = "IamMicroservice", "IamMicroservice", "{B9B4525C-AE6D-4A08-BE3E-9DB456E8EFA2}"
EndProject
Project("{2150E333-8FDC-42A3-9474-1A3956D46DE8}") = "RestaurantMicroservice", "RestaurantMicroservice", "{D0B8B8D7-92BE-4601-8FEC-C86AC6676186}"
EndProject
Project("{FAE04EC0-301F-11D3-BF4B-00C04F79EFBC}") = "AmazingRestaurants.IamMicroservice", "AmazingRestaurants.IamMicroservice\AmazingRestaurants.IamMicroservice.csproj", "{917BBB16-B48E-45DE-B4C8-1B3C0BFCC53E}"
EndProject
Project("{FAE04EC0-301F-11D3-BF4B-00C04F79EFBC}") = "AmazingRestaurant.RestaurantMicroservice", "AmazingRestaurant.RestaurantMicroservice\AmazingRestaurant.RestaurantMicroservice.csproj", "{C37D27A4-5448-4207-B996-EC9CC96660B4}"
EndProject
Project("{2150E333-8FDC-42A3-9474-1A3956D46DE8}") = "UI", "UI", "{250105D1-2FF3-4969-99C2-BD150C32E6A1}"
EndProject
Project("{FAE04EC0-301F-11D3-BF4B-00C04F79EFBC}") = "MobileApp.Android", "MobileApp\MobileApp.Android\MobileApp.Android.csproj", "{40B9F03A-5079-4128-A20A-F96F736676C2}"
EndProject
Project("{FAE04EC0-301F-11D3-BF4B-00C04F79EFBC}") = "MobileApp.UWP", "MobileApp\MobileApp.UWP\MobileApp.UWP.csproj", "{32B42FED-738D-484C-8EFC-872AF67CA62D}"
EndProject
Project("{FAE04EC0-301F-11D3-BF4B-00C04F79EFBC}") = "MobileApp", "MobileApp\MobileApp\MobileApp.csproj", "{ABD22853-9C6E-4B86-A51B-4019F1AA5C5D}"
EndProject
Global
	GlobalSection(SolutionConfigurationPlatforms) = preSolution
		Debug|Any CPU = Debug|Any CPU
		Debug|ARM = Debug|ARM
		Debug|x64 = Debug|x64
		Debug|x86 = Debug|x86
		Release|Any CPU = Release|Any CPU
		Release|ARM = Release|ARM
		Release|x64 = Release|x64
		Release|x86 = Release|x86
	EndGlobalSection
	GlobalSection(ProjectConfigurationPlatforms) = postSolution
		{917BBB16-B48E-45DE-B4C8-1B3C0BFCC53E}.Debug|Any CPU.ActiveCfg = Debug|Any CPU
		{917BBB16-B48E-45DE-B4C8-1B3C0BFCC53E}.Debug|Any CPU.Build.0 = Debug|Any CPU
		{917BBB16-B48E-45DE-B4C8-1B3C0BFCC53E}.Debug|ARM.ActiveCfg = Debug|Any CPU
		{917BBB16-B48E-45DE-B4C8-1B3C0BFCC53E}.Debug|ARM.Build.0 = Debug|Any CPU
		{917BBB16-B48E-45DE-B4C8-1B3C0BFCC53E}.Debug|x64.ActiveCfg = Debug|Any CPU
		{917BBB16-B48E-45DE-B4C8-1B3C0BFCC53E}.Debug|x64.Build.0 = Debug|Any CPU
		{917BBB16-B48E-45DE-B4C8-1B3C0BFCC53E}.Debug|x86.ActiveCfg = Debug|Any CPU
		{917BBB16-B48E-45DE-B4C8-1B3C0BFCC53E}.Debug|x86.Build.0 = Debug|Any CPU
		{917BBB16-B48E-45DE-B4C8-1B3C0BFCC53E}.Release|Any CPU.ActiveCfg = Release|Any CPU
		{917BBB16-B48E-45DE-B4C8-1B3C0BFCC53E}.Release|Any CPU.Build.0 = Release|Any CPU
		{917BBB16-B48E-45DE-B4C8-1B3C0BFCC53E}.Release|ARM.ActiveCfg = Release|Any CPU
		{917BBB16-B48E-45DE-B4C8-1B3C0BFCC53E}.Release|ARM.Build.0 = Release|Any CPU
		{917BBB16-B48E-45DE-B4C8-1B3C0BFCC53E}.Release|x64.ActiveCfg = Release|Any CPU
		{917BBB16-B48E-45DE-B4C8-1B3C0BFCC53E}.Release|x64.Build.0 = Release|Any CPU
		{917BBB16-B48E-45DE-B4C8-1B3C0BFCC53E}.Release|x86.ActiveCfg = Release|Any CPU
		{917BBB16-B48E-45DE-B4C8-1B3C0BFCC53E}.Release|x86.Build.0 = Release|Any CPU
		{C37D27A4-5448-4207-B996-EC9CC96660B4}.Debug|Any CPU.ActiveCfg = Debug|Any CPU
		{C37D27A4-5448-4207-B996-EC9CC96660B4}.Debug|Any CPU.Build.0 = Debug|Any CPU
		{C37D27A4-5448-4207-B996-EC9CC96660B4}.Debug|ARM.ActiveCfg = Debug|Any CPU
		{C37D27A4-5448-4207-B996-EC9CC96660B4}.Debug|ARM.Build.0 = Debug|Any CPU
		{C37D27A4-5448-4207-B996-EC9CC96660B4}.Debug|x64.ActiveCfg = Debug|Any CPU
		{C37D27A4-5448-4207-B996-EC9CC96660B4}.Debug|x64.Build.0 = Debug|Any CPU
		{C37D27A4-5448-4207-B996-EC9CC96660B4}.Debug|x86.ActiveCfg = Debug|Any CPU
		{C37D27A4-5448-4207-B996-EC9CC96660B4}.Debug|x86.Build.0 = Debug|Any CPU
		{C37D27A4-5448-4207-B996-EC9CC96660B4}.Release|Any CPU.ActiveCfg = Release|Any CPU
		{C37D27A4-5448-4207-B996-EC9CC96660B4}.Release|Any CPU.Build.0 = Release|Any CPU
		{C37D27A4-5448-4207-B996-EC9CC96660B4}.Release|ARM.ActiveCfg = Release|Any CPU
		{C37D27A4-5448-4207-B996-EC9CC96660B4}.Release|ARM.Build.0 = Release|Any CPU
		{C37D27A4-5448-4207-B996-EC9CC96660B4}.Release|x64.ActiveCfg = Release|Any CPU
		{C37D27A4-5448-4207-B996-EC9CC96660B4}.Release|x64.Build.0 = Release|Any CPU
		{C37D27A4-5448-4207-B996-EC9CC96660B4}.Release|x86.ActiveCfg = Release|Any CPU
		{C37D27A4-5448-4207-B996-EC9CC96660B4}.Release|x86.Build.0 = Release|Any CPU
		{40B9F03A-5079-4128-A20A-F96F736676C2}.Debug|Any CPU.ActiveCfg = Debug|Any CPU
		{40B9F03A-5079-4128-A20A-F96F736676C2}.Debug|Any CPU.Build.0 = Debug|Any CPU
		{40B9F03A-5079-4128-A20A-F96F736676C2}.Debug|Any CPU.Deploy.0 = Debug|Any CPU
		{40B9F03A-5079-4128-A20A-F96F736676C2}.Debug|ARM.ActiveCfg = Debug|Any CPU
		{40B9F03A-5079-4128-A20A-F96F736676C2}.Debug|ARM.Build.0 = Debug|Any CPU
		{40B9F03A-5079-4128-A20A-F96F736676C2}.Debug|ARM.Deploy.0 = Debug|Any CPU
		{40B9F03A-5079-4128-A20A-F96F736676C2}.Debug|x64.ActiveCfg = Debug|Any CPU
		{40B9F03A-5079-4128-A20A-F96F736676C2}.Debug|x64.Build.0 = Debug|Any CPU
		{40B9F03A-5079-4128-A20A-F96F736676C2}.Debug|x64.Deploy.0 = Debug|Any CPU
		{40B9F03A-5079-4128-A20A-F96F736676C2}.Debug|x86.ActiveCfg = Debug|Any CPU
		{40B9F03A-5079-4128-A20A-F96F736676C2}.Debug|x86.Build.0 = Debug|Any CPU
		{40B9F03A-5079-4128-A20A-F96F736676C2}.Debug|x86.Deploy.0 = Debug|Any CPU
		{40B9F03A-5079-4128-A20A-F96F736676C2}.Release|Any CPU.ActiveCfg = Release|Any CPU
		{40B9F03A-5079-4128-A20A-F96F736676C2}.Release|Any CPU.Build.0 = Release|Any CPU
		{40B9F03A-5079-4128-A20A-F96F736676C2}.Release|Any CPU.Deploy.0 = Release|Any CPU
		{40B9F03A-5079-4128-A20A-F96F736676C2}.Release|ARM.ActiveCfg = Release|Any CPU
		{40B9F03A-5079-4128-A20A-F96F736676C2}.Release|ARM.Build.0 = Release|Any CPU
		{40B9F03A-5079-4128-A20A-F96F736676C2}.Release|ARM.Deploy.0 = Release|Any CPU
		{40B9F03A-5079-4128-A20A-F96F736676C2}.Release|x64.ActiveCfg = Release|Any CPU
		{40B9F03A-5079-4128-A20A-F96F736676C2}.Release|x64.Build.0 = Release|Any CPU
		{40B9F03A-5079-4128-A20A-F96F736676C2}.Release|x64.Deploy.0 = Release|Any CPU
		{40B9F03A-5079-4128-A20A-F96F736676C2}.Release|x86.ActiveCfg = Release|Any CPU
		{40B9F03A-5079-4128-A20A-F96F736676C2}.Release|x86.Build.0 = Release|Any CPU
		{40B9F03A-5079-4128-A20A-F96F736676C2}.Release|x86.Deploy.0 = Release|Any CPU
		{32B42FED-738D-484C-8EFC-872AF67CA62D}.Debug|Any CPU.ActiveCfg = Debug|x86
		{32B42FED-738D-484C-8EFC-872AF67CA62D}.Debug|ARM.ActiveCfg = Debug|ARM
		{32B42FED-738D-484C-8EFC-872AF67CA62D}.Debug|ARM.Build.0 = Debug|ARM
		{32B42FED-738D-484C-8EFC-872AF67CA62D}.Debug|ARM.Deploy.0 = Debug|ARM
		{32B42FED-738D-484C-8EFC-872AF67CA62D}.Debug|x64.ActiveCfg = Debug|x64
		{32B42FED-738D-484C-8EFC-872AF67CA62D}.Debug|x64.Build.0 = Debug|x64
		{32B42FED-738D-484C-8EFC-872AF67CA62D}.Debug|x64.Deploy.0 = Debug|x64
		{32B42FED-738D-484C-8EFC-872AF67CA62D}.Debug|x86.ActiveCfg = Debug|x86
		{32B42FED-738D-484C-8EFC-872AF67CA62D}.Debug|x86.Build.0 = Debug|x86
		{32B42FED-738D-484C-8EFC-872AF67CA62D}.Debug|x86.Deploy.0 = Debug|x86
		{32B42FED-738D-484C-8EFC-872AF67CA62D}.Release|Any CPU.ActiveCfg = Release|x86
		{32B42FED-738D-484C-8EFC-872AF67CA62D}.Release|ARM.ActiveCfg = Release|ARM
		{32B42FED-738D-484C-8EFC-872AF67CA62D}.Release|ARM.Build.0 = Release|ARM
		{32B42FED-738D-484C-8EFC-872AF67CA62D}.Release|ARM.Deploy.0 = Release|ARM
		{32B42FED-738D-484C-8EFC-872AF67CA62D}.Release|x64.ActiveCfg = Release|x64
		{32B42FED-738D-484C-8EFC-872AF67CA62D}.Release|x64.Build.0 = Release|x64
		{32B42FED-738D-484C-8EFC-872AF67CA62D}.Release|x64.Deploy.0 = Release|x64
		{32B42FED-738D-484C-8EFC-872AF67CA62D}.Release|x86.ActiveCfg = Release|x86
		{32B42FED-738D-484C-8EFC-872AF67CA62D}.Release|x86.Build.0 = Release|x86
		{32B42FED-738D-484C-8EFC-872AF67CA62D}.Release|x86.Deploy.0 = Release|x86
		{ABD22853-9C6E-4B86-A51B-4019F1AA5C5D}.Debug|Any CPU.ActiveCfg = Debug|Any CPU
		{ABD22853-9C6E-4B86-A51B-4019F1AA5C5D}.Debug|Any CPU.Build.0 = Debug|Any CPU
		{ABD22853-9C6E-4B86-A51B-4019F1AA5C5D}.Debug|ARM.ActiveCfg = Debug|Any CPU
		{ABD22853-9C6E-4B86-A51B-4019F1AA5C5D}.Debug|ARM.Build.0 = Debug|Any CPU
		{ABD22853-9C6E-4B86-A51B-4019F1AA5C5D}.Debug|x64.ActiveCfg = Debug|Any CPU
		{ABD22853-9C6E-4B86-A51B-4019F1AA5C5D}.Debug|x64.Build.0 = Debug|Any CPU
		{ABD22853-9C6E-4B86-A51B-4019F1AA5C5D}.Debug|x86.ActiveCfg = Debug|Any CPU
		{ABD22853-9C6E-4B86-A51B-4019F1AA5C5D}.Debug|x86.Build.0 = Debug|Any CPU
		{ABD22853-9C6E-4B86-A51B-4019F1AA5C5D}.Release|Any CPU.ActiveCfg = Release|Any CPU
		{ABD22853-9C6E-4B86-A51B-4019F1AA5C5D}.Release|Any CPU.Build.0 = Release|Any CPU
		{ABD22853-9C6E-4B86-A51B-4019F1AA5C5D}.Release|ARM.ActiveCfg = Release|Any CPU
		{ABD22853-9C6E-4B86-A51B-4019F1AA5C5D}.Release|ARM.Build.0 = Release|Any CPU
		{ABD22853-9C6E-4B86-A51B-4019F1AA5C5D}.Release|x64.ActiveCfg = Release|Any CPU
		{ABD22853-9C6E-4B86-A51B-4019F1AA5C5D}.Release|x64.Build.0 = Release|Any CPU
		{ABD22853-9C6E-4B86-A51B-4019F1AA5C5D}.Release|x86.ActiveCfg = Release|Any CPU
		{ABD22853-9C6E-4B86-A51B-4019F1AA5C5D}.Release|x86.Build.0 = Release|Any CPU
	EndGlobalSection
	GlobalSection(SolutionProperties) = preSolution
		HideSolutionNode = FALSE
	EndGlobalSection
	GlobalSection(NestedProjects) = preSolution
		{917BBB16-B48E-45DE-B4C8-1B3C0BFCC53E} = {B9B4525C-AE6D-4A08-BE3E-9DB456E8EFA2}
		{C37D27A4-5448-4207-B996-EC9CC96660B4} = {D0B8B8D7-92BE-4601-8FEC-C86AC6676186}
		{40B9F03A-5079-4128-A20A-F96F736676C2} = {250105D1-2FF3-4969-99C2-BD150C32E6A1}
		{32B42FED-738D-484C-8EFC-872AF67CA62D} = {250105D1-2FF3-4969-99C2-BD150C32E6A1}
		{ABD22853-9C6E-4B86-A51B-4019F1AA5C5D} = {250105D1-2FF3-4969-99C2-BD150C32E6A1}
	EndGlobalSection
	GlobalSection(ExtensibilityGlobals) = postSolution
		SolutionGuid = {E5B26EE7-FCD7-418A-BE69-5012C871B5E2}
	EndGlobalSection
EndGlobal
